
Microsoft Visual Studio Solution File, Format Version 12.00
# Visual Studio Version 17
VisualStudioVersion = 17.11.35219.272
MinimumVisualStudioVersion = 10.0.40219.1
Project("{FAE04EC0-301F-11D3-BF4B-00C04F79EFBC}") = "ProyectoConsola", "ProyectoConsola\ProyectoConsola.csproj", "{BBDFC571-B569-47C2-BD5D-60F56A2B7DAA}"
EndProject
Global
	GlobalSection(SolutionConfigurationPlatforms) = preSolution
		Debug|Any CPU = Debug|Any CPU
		Release|Any CPU = Release|Any CPU
	EndGlobalSection
	GlobalSection(ProjectConfigurationPlatforms) = postSolution
		{BBDFC571-B569-47C2-BD5D-60F56A2B7DAA}.Debug|Any CPU.ActiveCfg = Debug|Any CPU
		{BBDFC571-B569-47C2-BD5D-60F56A2B7DAA}.Debug|Any CPU.Build.0 = Debug|Any CPU
		{BBDFC571-B569-47C2-BD5D-60F56A2B7DAA}.Release|Any CPU.ActiveCfg = Release|Any CPU
		{BBDFC571-B569-47C2-BD5D-60F56A2B7DAA}.Release|Any CPU.Build.0 = Release|Any CPU
	EndGlobalSection
	GlobalSection(SolutionProperties) = preSolution
		HideSolutionNode = FALSE
	EndGlobalSection
	GlobalSection(ExtensibilityGlobals) = postSolution
		SolutionGuid = {F2469A7F-6744-4FD7-8850-2BD00DD5182B}
	EndGlobalSection
EndGlobal
